
Microsoft Visual Studio Solution File, Format Version 12.00
# Visual Studio Version 17
VisualStudioVersion = 17.4.33122.133
MinimumVisualStudioVersion = 10.0.40219.1
Project("{8BC9CEB8-8B4A-11D0-8D11-00A0C91BC942}") = "240511-1400-Operator", "ray\ray.vcxproj", "{4A1E5728-F2E6-4C89-A66A-BE0DBA9872AF}"
EndProject
Project("{8BC9CEB8-8B4A-11D0-8D11-00A0C91BC942}") = "240511-1415-Operator", "240511-1415-Operator\240511-1415-Operator.vcxproj", "{F5DDB40B-62DE-4E61-9E5A-6762DA31B56E}"
EndProject
Project("{8BC9CEB8-8B4A-11D0-8D11-00A0C91BC942}") = "240511-1427-Operator", "240511-1427-Operator\240511-1427-Operator.vcxproj", "{57417350-4CFE-4978-8D30-5AD0C62EF268}"
EndProject
Project("{8BC9CEB8-8B4A-11D0-8D11-00A0C91BC942}") = "240511-1433-Operator", "240511-1433-Operator\240511-1433-Operator.vcxproj", "{DCEAD41A-3562-433A-A76C-6C7A533704B4}"
EndProject
Project("{8BC9CEB8-8B4A-11D0-8D11-00A0C91BC942}") = "240511-1454-Operator", "240511-1454-Operator\240511-1454-Operator.vcxproj", "{34595C58-53DD-4623-AF8C-E1AA4B423660}"
EndProject
Project("{8BC9CEB8-8B4A-11D0-8D11-00A0C91BC942}") = "240511-1507-Operator", "240511-1507-Operator\240511-1507-Operator.vcxproj", "{1C1ABACD-7053-4944-ABE5-069328E2B695}"
EndProject
Project("{8BC9CEB8-8B4A-11D0-8D11-00A0C91BC942}") = "240511-1533-Operator", "240511-1533-Operator\240511-1533-Operator.vcxproj", "{1A568769-0C16-4D5B-AEBA-E0FDE2722C37}"
EndProject
Project("{8BC9CEB8-8B4A-11D0-8D11-00A0C91BC942}") = "240511-1546-Operator", "240511-1546-Operator\240511-1546-Operator.vcxproj", "{F7DDC880-F3E7-4BAD-971F-E452EB1D6878}"
EndProject
Project("{8BC9CEB8-8B4A-11D0-8D11-00A0C91BC942}") = "240511-1601-Operator", "240511-1601-Operator\240511-1601-Operator.vcxproj", "{05F3AD02-EE5C-43D1-8660-5BF636021AB6}"
EndProject
Project("{8BC9CEB8-8B4A-11D0-8D11-00A0C91BC942}") = "240511-1617-Operator", "240511-1617-Operator\240511-1617-Operator.vcxproj", "{4843B4AA-84D2-431C-A9D2-566BDD3FC2B6}"
EndProject
Project("{8BC9CEB8-8B4A-11D0-8D11-00A0C91BC942}") = "240511-1630-Operator", "240511-1630-Operator\240511-1630-Operator.vcxproj", "{9B975D5F-DBF3-425C-BFCA-750E3AE64BB3}"
EndProject
Project("{8BC9CEB8-8B4A-11D0-8D11-00A0C91BC942}") = "240511-1700-Operator", "240511-1700-Operator\240511-1700-Operator.vcxproj", "{E3EEB656-8D19-4B54-979E-76FAAAF4E562}"
EndProject
Project("{8BC9CEB8-8B4A-11D0-8D11-00A0C91BC942}") = "240511-1711-Operator", "240511-1711-Operator\240511-1711-Operator.vcxproj", "{319D5DA7-338C-460E-A4A7-6EBB8452B5AB}"
EndProject
Project("{8BC9CEB8-8B4A-11D0-8D11-00A0C91BC942}") = "240511-1715-Operator", "240511-1715-Operator\240511-1715-Operator.vcxproj", "{BF7E2ED9-A7C6-4A48-B250-082C778CC3B2}"
EndProject
Project("{8BC9CEB8-8B4A-11D0-8D11-00A0C91BC942}") = "240511-1722-Operator", "240511-1722-Operator\240511-1722-Operator.vcxproj", "{7B68C190-165B-4F44-8465-4786A03FDDA8}"
EndProject
Project("{8BC9CEB8-8B4A-11D0-8D11-00A0C91BC942}") = "240511-1737-Operator", "240511-1737-Operator\240511-1737-Operator.vcxproj", "{1B63D048-DE7F-45E6-B509-B4BF0D086A74}"
EndProject
Project("{8BC9CEB8-8B4A-11D0-8D11-00A0C91BC942}") = "240511-1740-Operator", "240511-1740-Operator\240511-1740-Operator.vcxproj", "{BE624AE2-1FEC-40CB-8EEB-97B66E6CC513}"
EndProject
Global
	GlobalSection(SolutionConfigurationPlatforms) = preSolution
		Debug|x64 = Debug|x64
		Debug|x86 = Debug|x86
		Release|x64 = Release|x64
		Release|x86 = Release|x86
	EndGlobalSection
	GlobalSection(ProjectConfigurationPlatforms) = postSolution
		{4A1E5728-F2E6-4C89-A66A-BE0DBA9872AF}.Debug|x64.ActiveCfg = Debug|x64
		{4A1E5728-F2E6-4C89-A66A-BE0DBA9872AF}.Debug|x64.Build.0 = Debug|x64
		{4A1E5728-F2E6-4C89-A66A-BE0DBA9872AF}.Debug|x86.ActiveCfg = Debug|Win32
		{4A1E5728-F2E6-4C89-A66A-BE0DBA9872AF}.Debug|x86.Build.0 = Debug|Win32
		{4A1E5728-F2E6-4C89-A66A-BE0DBA9872AF}.Release|x64.ActiveCfg = Release|x64
		{4A1E5728-F2E6-4C89-A66A-BE0DBA9872AF}.Release|x64.Build.0 = Release|x64
		{4A1E5728-F2E6-4C89-A66A-BE0DBA9872AF}.Release|x86.ActiveCfg = Release|Win32
		{4A1E5728-F2E6-4C89-A66A-BE0DBA9872AF}.Release|x86.Build.0 = Release|Win32
		{F5DDB40B-62DE-4E61-9E5A-6762DA31B56E}.Debug|x64.ActiveCfg = Debug|x64
		{F5DDB40B-62DE-4E61-9E5A-6762DA31B56E}.Debug|x64.Build.0 = Debug|x64
		{F5DDB40B-62DE-4E61-9E5A-6762DA31B56E}.Debug|x86.ActiveCfg = Debug|Win32
		{F5DDB40B-62DE-4E61-9E5A-6762DA31B56E}.Debug|x86.Build.0 = Debug|Win32
		{F5DDB40B-62DE-4E61-9E5A-6762DA31B56E}.Release|x64.ActiveCfg = Release|x64
		{F5DDB40B-62DE-4E61-9E5A-6762DA31B56E}.Release|x64.Build.0 = Release|x64
		{F5DDB40B-62DE-4E61-9E5A-6762DA31B56E}.Release|x86.ActiveCfg = Release|Win32
		{F5DDB40B-62DE-4E61-9E5A-6762DA31B56E}.Release|x86.Build.0 = Release|Win32
		{57417350-4CFE-4978-8D30-5AD0C62EF268}.Debug|x64.ActiveCfg = Debug|x64
		{57417350-4CFE-4978-8D30-5AD0C62EF268}.Debug|x64.Build.0 = Debug|x64
		{57417350-4CFE-4978-8D30-5AD0C62EF268}.Debug|x86.ActiveCfg = Debug|Win32
		{57417350-4CFE-4978-8D30-5AD0C62EF268}.Debug|x86.Build.0 = Debug|Win32
		{57417350-4CFE-4978-8D30-5AD0C62EF268}.Release|x64.ActiveCfg = Release|x64
		{57417350-4CFE-4978-8D30-5AD0C62EF268}.Release|x64.Build.0 = Release|x64
		{57417350-4CFE-4978-8D30-5AD0C62EF268}.Release|x86.ActiveCfg = Release|Win32
		{57417350-4CFE-4978-8D30-5AD0C62EF268}.Release|x86.Build.0 = Release|Win32
		{DCEAD41A-3562-433A-A76C-6C7A533704B4}.Debug|x64.ActiveCfg = Debug|x64
		{DCEAD41A-3562-433A-A76C-6C7A533704B4}.Debug|x64.Build.0 = Debug|x64
		{DCEAD41A-3562-433A-A76C-6C7A533704B4}.Debug|x86.ActiveCfg = Debug|Win32
		{DCEAD41A-3562-433A-A76C-6C7A533704B4}.Debug|x86.Build.0 = Debug|Win32
		{DCEAD41A-3562-433A-A76C-6C7A533704B4}.Release|x64.ActiveCfg = Release|x64
		{DCEAD41A-3562-433A-A76C-6C7A533704B4}.Release|x64.Build.0 = Release|x64
		{DCEAD41A-3562-433A-A76C-6C7A533704B4}.Release|x86.ActiveCfg = Release|Win32
		{DCEAD41A-3562-433A-A76C-6C7A533704B4}.Release|x86.Build.0 = Release|Win32
		{34595C58-53DD-4623-AF8C-E1AA4B423660}.Debug|x64.ActiveCfg = Debug|x64
		{34595C58-53DD-4623-AF8C-E1AA4B423660}.Debug|x64.Build.0 = Debug|x64
		{34595C58-53DD-4623-AF8C-E1AA4B423660}.Debug|x86.ActiveCfg = Debug|Win32
		{34595C58-53DD-4623-AF8C-E1AA4B423660}.Debug|x86.Build.0 = Debug|Win32
		{34595C58-53DD-4623-AF8C-E1AA4B423660}.Release|x64.ActiveCfg = Release|x64
		{34595C58-53DD-4623-AF8C-E1AA4B423660}.Release|x64.Build.0 = Release|x64
		{34595C58-53DD-4623-AF8C-E1AA4B423660}.Release|x86.ActiveCfg = Release|Win32
		{34595C58-53DD-4623-AF8C-E1AA4B423660}.Release|x86.Build.0 = Release|Win32
		{1C1ABACD-7053-4944-ABE5-069328E2B695}.Debug|x64.ActiveCfg = Debug|x64
		{1C1ABACD-7053-4944-ABE5-069328E2B695}.Debug|x64.Build.0 = Debug|x64
		{1C1ABACD-7053-4944-ABE5-069328E2B695}.Debug|x86.ActiveCfg = Debug|Win32
		{1C1ABACD-7053-4944-ABE5-069328E2B695}.Debug|x86.Build.0 = Debug|Win32
		{1C1ABACD-7053-4944-ABE5-069328E2B695}.Release|x64.ActiveCfg = Release|x64
		{1C1ABACD-7053-4944-ABE5-069328E2B695}.Release|x64.Build.0 = Release|x64
		{1C1ABACD-7053-4944-ABE5-069328E2B695}.Release|x86.ActiveCfg = Release|Win32
		{1C1ABACD-7053-4944-ABE5-069328E2B695}.Release|x86.Build.0 = Release|Win32
		{1A568769-0C16-4D5B-AEBA-E0FDE2722C37}.Debug|x64.ActiveCfg = Debug|x64
		{1A568769-0C16-4D5B-AEBA-E0FDE2722C37}.Debug|x64.Build.0 = Debug|x64
		{1A568769-0C16-4D5B-AEBA-E0FDE2722C37}.Debug|x86.ActiveCfg = Debug|Win32
		{1A568769-0C16-4D5B-AEBA-E0FDE2722C37}.Debug|x86.Build.0 = Debug|Win32
		{1A568769-0C16-4D5B-AEBA-E0FDE2722C37}.Release|x64.ActiveCfg = Release|x64
		{1A568769-0C16-4D5B-AEBA-E0FDE2722C37}.Release|x64.Build.0 = Release|x64
		{1A568769-0C16-4D5B-AEBA-E0FDE2722C37}.Release|x86.ActiveCfg = Release|Win32
		{1A568769-0C16-4D5B-AEBA-E0FDE2722C37}.Release|x86.Build.0 = Release|Win32
		{F7DDC880-F3E7-4BAD-971F-E452EB1D6878}.Debug|x64.ActiveCfg = Debug|x64
		{F7DDC880-F3E7-4BAD-971F-E452EB1D6878}.Debug|x64.Build.0 = Debug|x64
		{F7DDC880-F3E7-4BAD-971F-E452EB1D6878}.Debug|x86.ActiveCfg = Debug|Win32
		{F7DDC880-F3E7-4BAD-971F-E452EB1D6878}.Debug|x86.Build.0 = Debug|Win32
		{F7DDC880-F3E7-4BAD-971F-E452EB1D6878}.Release|x64.ActiveCfg = Release|x64
		{F7DDC880-F3E7-4BAD-971F-E452EB1D6878}.Release|x64.Build.0 = Release|x64
		{F7DDC880-F3E7-4BAD-971F-E452EB1D6878}.Release|x86.ActiveCfg = Release|Win32
		{F7DDC880-F3E7-4BAD-971F-E452EB1D6878}.Release|x86.Build.0 = Release|Win32
		{05F3AD02-EE5C-43D1-8660-5BF636021AB6}.Debug|x64.ActiveCfg = Debug|x64
		{05F3AD02-EE5C-43D1-8660-5BF636021AB6}.Debug|x64.Build.0 = Debug|x64
		{05F3AD02-EE5C-43D1-8660-5BF636021AB6}.Debug|x86.ActiveCfg = Debug|Win32
		{05F3AD02-EE5C-43D1-8660-5BF636021AB6}.Debug|x86.Build.0 = Debug|Win32
		{05F3AD02-EE5C-43D1-8660-5BF636021AB6}.Release|x64.ActiveCfg = Release|x64
		{05F3AD02-EE5C-43D1-8660-5BF636021AB6}.Release|x64.Build.0 = Release|x64
		{05F3AD02-EE5C-43D1-8660-5BF636021AB6}.Release|x86.ActiveCfg = Release|Win32
		{05F3AD02-EE5C-43D1-8660-5BF636021AB6}.Release|x86.Build.0 = Release|Win32
		{4843B4AA-84D2-431C-A9D2-566BDD3FC2B6}.Debug|x64.ActiveCfg = Debug|x64
		{4843B4AA-84D2-431C-A9D2-566BDD3FC2B6}.Debug|x64.Build.0 = Debug|x64
		{4843B4AA-84D2-431C-A9D2-566BDD3FC2B6}.Debug|x86.ActiveCfg = Debug|Win32
		{4843B4AA-84D2-431C-A9D2-566BDD3FC2B6}.Debug|x86.Build.0 = Debug|Win32
		{4843B4AA-84D2-431C-A9D2-566BDD3FC2B6}.Release|x64.ActiveCfg = Release|x64
		{4843B4AA-84D2-431C-A9D2-566BDD3FC2B6}.Release|x64.Build.0 = Release|x64
		{4843B4AA-84D2-431C-A9D2-566BDD3FC2B6}.Release|x86.ActiveCfg = Release|Win32
		{4843B4AA-84D2-431C-A9D2-566BDD3FC2B6}.Release|x86.Build.0 = Release|Win32
		{9B975D5F-DBF3-425C-BFCA-750E3AE64BB3}.Debug|x64.ActiveCfg = Debug|x64
		{9B975D5F-DBF3-425C-BFCA-750E3AE64BB3}.Debug|x64.Build.0 = Debug|x64
		{9B975D5F-DBF3-425C-BFCA-750E3AE64BB3}.Debug|x86.ActiveCfg = Debug|Win32
		{9B975D5F-DBF3-425C-BFCA-750E3AE64BB3}.Debug|x86.Build.0 = Debug|Win32
		{9B975D5F-DBF3-425C-BFCA-750E3AE64BB3}.Release|x64.ActiveCfg = Release|x64
		{9B975D5F-DBF3-425C-BFCA-750E3AE64BB3}.Release|x64.Build.0 = Release|x64
		{9B975D5F-DBF3-425C-BFCA-750E3AE64BB3}.Release|x86.ActiveCfg = Release|Win32
		{9B975D5F-DBF3-425C-BFCA-750E3AE64BB3}.Release|x86.Build.0 = Release|Win32
		{E3EEB656-8D19-4B54-979E-76FAAAF4E562}.Debug|x64.ActiveCfg = Debug|x64
		{E3EEB656-8D19-4B54-979E-76FAAAF4E562}.Debug|x64.Build.0 = Debug|x64
		{E3EEB656-8D19-4B54-979E-76FAAAF4E562}.Debug|x86.ActiveCfg = Debug|Win32
		{E3EEB656-8D19-4B54-979E-76FAAAF4E562}.Debug|x86.Build.0 = Debug|Win32
		{E3EEB656-8D19-4B54-979E-76FAAAF4E562}.Release|x64.ActiveCfg = Release|x64
		{E3EEB656-8D19-4B54-979E-76FAAAF4E562}.Release|x64.Build.0 = Release|x64
		{E3EEB656-8D19-4B54-979E-76FAAAF4E562}.Release|x86.ActiveCfg = Release|Win32
		{E3EEB656-8D19-4B54-979E-76FAAAF4E562}.Release|x86.Build.0 = Release|Win32
		{319D5DA7-338C-460E-A4A7-6EBB8452B5AB}.Debug|x64.ActiveCfg = Debug|x64
		{319D5DA7-338C-460E-A4A7-6EBB8452B5AB}.Debug|x64.Build.0 = Debug|x64
		{319D5DA7-338C-460E-A4A7-6EBB8452B5AB}.Debug|x86.ActiveCfg = Debug|Win32
		{319D5DA7-338C-460E-A4A7-6EBB8452B5AB}.Debug|x86.Build.0 = Debug|Win32
		{319D5DA7-338C-460E-A4A7-6EBB8452B5AB}.Release|x64.ActiveCfg = Release|x64
		{319D5DA7-338C-460E-A4A7-6EBB8452B5AB}.Release|x64.Build.0 = Release|x64
		{319D5DA7-338C-460E-A4A7-6EBB8452B5AB}.Release|x86.ActiveCfg = Release|Win32
		{319D5DA7-338C-460E-A4A7-6EBB8452B5AB}.Release|x86.Build.0 = Release|Win32
		{BF7E2ED9-A7C6-4A48-B250-082C778CC3B2}.Debug|x64.ActiveCfg = Debug|x64
		{BF7E2ED9-A7C6-4A48-B250-082C778CC3B2}.Debug|x64.Build.0 = Debug|x64
		{BF7E2ED9-A7C6-4A48-B250-082C778CC3B2}.Debug|x86.ActiveCfg = Debug|Win32
		{BF7E2ED9-A7C6-4A48-B250-082C778CC3B2}.Debug|x86.Build.0 = Debug|Win32
		{BF7E2ED9-A7C6-4A48-B250-082C778CC3B2}.Release|x64.ActiveCfg = Release|x64
		{BF7E2ED9-A7C6-4A48-B250-082C778CC3B2}.Release|x64.Build.0 = Release|x64
		{BF7E2ED9-A7C6-4A48-B250-082C778CC3B2}.Release|x86.ActiveCfg = Release|Win32
		{BF7E2ED9-A7C6-4A48-B250-082C778CC3B2}.Release|x86.Build.0 = Release|Win32
		{7B68C190-165B-4F44-8465-4786A03FDDA8}.Debug|x64.ActiveCfg = Debug|x64
		{7B68C190-165B-4F44-8465-4786A03FDDA8}.Debug|x64.Build.0 = Debug|x64
		{7B68C190-165B-4F44-8465-4786A03FDDA8}.Debug|x86.ActiveCfg = Debug|Win32
		{7B68C190-165B-4F44-8465-4786A03FDDA8}.Debug|x86.Build.0 = Debug|Win32
		{7B68C190-165B-4F44-8465-4786A03FDDA8}.Release|x64.ActiveCfg = Release|x64
		{7B68C190-165B-4F44-8465-4786A03FDDA8}.Release|x64.Build.0 = Release|x64
		{7B68C190-165B-4F44-8465-4786A03FDDA8}.Release|x86.ActiveCfg = Release|Win32
		{7B68C190-165B-4F44-8465-4786A03FDDA8}.Release|x86.Build.0 = Release|Win32
		{1B63D048-DE7F-45E6-B509-B4BF0D086A74}.Debug|x64.ActiveCfg = Debug|x64
		{1B63D048-DE7F-45E6-B509-B4BF0D086A74}.Debug|x64.Build.0 = Debug|x64
		{1B63D048-DE7F-45E6-B509-B4BF0D086A74}.Debug|x86.ActiveCfg = Debug|Win32
		{1B63D048-DE7F-45E6-B509-B4BF0D086A74}.Debug|x86.Build.0 = Debug|Win32
		{1B63D048-DE7F-45E6-B509-B4BF0D086A74}.Release|x64.ActiveCfg = Release|x64
		{1B63D048-DE7F-45E6-B509-B4BF0D086A74}.Release|x64.Build.0 = Release|x64
		{1B63D048-DE7F-45E6-B509-B4BF0D086A74}.Release|x86.ActiveCfg = Release|Win32
		{1B63D048-DE7F-45E6-B509-B4BF0D086A74}.Release|x86.Build.0 = Release|Win32
		{BE624AE2-1FEC-40CB-8EEB-97B66E6CC513}.Debug|x64.ActiveCfg = Debug|x64
		{BE624AE2-1FEC-40CB-8EEB-97B66E6CC513}.Debug|x64.Build.0 = Debug|x64
		{BE624AE2-1FEC-40CB-8EEB-97B66E6CC513}.Debug|x86.ActiveCfg = Debug|Win32
		{BE624AE2-1FEC-40CB-8EEB-97B66E6CC513}.Debug|x86.Build.0 = Debug|Win32
		{BE624AE2-1FEC-40CB-8EEB-97B66E6CC513}.Release|x64.ActiveCfg = Release|x64
		{BE624AE2-1FEC-40CB-8EEB-97B66E6CC513}.Release|x64.Build.0 = Release|x64
		{BE624AE2-1FEC-40CB-8EEB-97B66E6CC513}.Release|x86.ActiveCfg = Release|Win32
		{BE624AE2-1FEC-40CB-8EEB-97B66E6CC513}.Release|x86.Build.0 = Release|Win32
	EndGlobalSection
	GlobalSection(SolutionProperties) = preSolution
		HideSolutionNode = FALSE
	EndGlobalSection
	GlobalSection(ExtensibilityGlobals) = postSolution
		SolutionGuid = {75C5C33C-EC2C-491B-8B58-2FED67A2944F}
	EndGlobalSection
EndGlobal
